<?xml version="1.0" encoding="utf-8"?>
<Project ToolsVersion="17.0" xmlns="http://schemas.microsoft.com/developer/msbuild/2003">
  <ItemGroup>
    <CustomBuild Include="C:\Users\prometheus\Documents\argus-stream-engine\CMakeFiles\6a2600a807740b7e78a314548289694d\generate.stamp.rule">
      <Filter>CMake Rules</Filter>
    </CustomBuild>
  </ItemGroup>
  <ItemGroup>
    <Filter Include="CMake Rules">
      <UniqueIdentifier>{529837D5-0C55-3553-A8C0-94C6F7433670}</UniqueIdentifier>
    </Filter>
  </ItemGroup>
</Project>
